
Microsoft Visual Studio Solution File, Format Version 12.00
Project("{FAE04EC0-301F-11D3-BF4B-00C04F79EFBC}") = "Server", "Server\Server.csproj", "{44286B6F-9D22-4E90-B5B0-2E80664EB96B}"
EndProject
Project("{FAE04EC0-301F-11D3-BF4B-00C04F79EFBC}") = "ServerCore", "ServerCore\ServerCore.csproj", "{FA4BF8AA-5E5B-4716-8A42-84F828250625}"
EndProject
Project("{FAE04EC0-301F-11D3-BF4B-00C04F79EFBC}") = "PacketGenerator", "PacketGenerator\PacketGenerator.csproj", "{F822DACA-29FE-46CB-9D7E-13BB991788E1}"
EndProject
Project("{2150E333-8FDC-42A3-9474-1A3956D46DE8}") = "Tools", "Tools", "{D242D589-75E5-4E32-B0B4-1719A81AD15A}"
EndProject
Global
	GlobalSection(SolutionConfigurationPlatforms) = preSolution
		Debug|Any CPU = Debug|Any CPU
		Release|Any CPU = Release|Any CPU
	EndGlobalSection
	GlobalSection(ProjectConfigurationPlatforms) = postSolution
		{44286B6F-9D22-4E90-B5B0-2E80664EB96B}.Debug|Any CPU.ActiveCfg = Debug|Any CPU
		{44286B6F-9D22-4E90-B5B0-2E80664EB96B}.Debug|Any CPU.Build.0 = Debug|Any CPU
		{44286B6F-9D22-4E90-B5B0-2E80664EB96B}.Release|Any CPU.ActiveCfg = Release|Any CPU
		{44286B6F-9D22-4E90-B5B0-2E80664EB96B}.Release|Any CPU.Build.0 = Release|Any CPU
		{FA4BF8AA-5E5B-4716-8A42-84F828250625}.Debug|Any CPU.ActiveCfg = Debug|Any CPU
		{FA4BF8AA-5E5B-4716-8A42-84F828250625}.Debug|Any CPU.Build.0 = Debug|Any CPU
		{FA4BF8AA-5E5B-4716-8A42-84F828250625}.Release|Any CPU.ActiveCfg = Release|Any CPU
		{FA4BF8AA-5E5B-4716-8A42-84F828250625}.Release|Any CPU.Build.0 = Release|Any CPU
		{F822DACA-29FE-46CB-9D7E-13BB991788E1}.Debug|Any CPU.ActiveCfg = Debug|Any CPU
		{F822DACA-29FE-46CB-9D7E-13BB991788E1}.Debug|Any CPU.Build.0 = Debug|Any CPU
		{F822DACA-29FE-46CB-9D7E-13BB991788E1}.Release|Any CPU.ActiveCfg = Release|Any CPU
		{F822DACA-29FE-46CB-9D7E-13BB991788E1}.Release|Any CPU.Build.0 = Release|Any CPU
	EndGlobalSection
	GlobalSection(NestedProjects) = preSolution
		{F822DACA-29FE-46CB-9D7E-13BB991788E1} = {D242D589-75E5-4E32-B0B4-1719A81AD15A}
	EndGlobalSection
EndGlobal
